
Microsoft Visual Studio Solution File, Format Version 12.00
# Visual Studio 15
VisualStudioVersion = 15.0.27703.2000
MinimumVisualStudioVersion = 10.0.40219.1
Project("{FAE04EC0-301F-11D3-BF4B-00C04F79EFBC}") = "TDDwithFelix", "TDDwithFelix\TDDwithFelix.csproj", "{CBC746A1-6167-4D77-B814-3A058AFF0474}"
EndProject
Project("{FAE04EC0-301F-11D3-BF4B-00C04F79EFBC}") = "TDDwithFelix_Tests", "TDDwithFelix_Tests\TDDwithFelix_Tests.csproj", "{68079253-3FFE-4C23-8E9E-18A143B233A2}"
EndProject
Global
	GlobalSection(SolutionConfigurationPlatforms) = preSolution
		Debug|Any CPU = Debug|Any CPU
		Release|Any CPU = Release|Any CPU
	EndGlobalSection
	GlobalSection(ProjectConfigurationPlatforms) = postSolution
		{CBC746A1-6167-4D77-B814-3A058AFF0474}.Debug|Any CPU.ActiveCfg = Debug|Any CPU
		{CBC746A1-6167-4D77-B814-3A058AFF0474}.Debug|Any CPU.Build.0 = Debug|Any CPU
		{CBC746A1-6167-4D77-B814-3A058AFF0474}.Release|Any CPU.ActiveCfg = Release|Any CPU
		{CBC746A1-6167-4D77-B814-3A058AFF0474}.Release|Any CPU.Build.0 = Release|Any CPU
		{68079253-3FFE-4C23-8E9E-18A143B233A2}.Debug|Any CPU.ActiveCfg = Debug|Any CPU
		{68079253-3FFE-4C23-8E9E-18A143B233A2}.Debug|Any CPU.Build.0 = Debug|Any CPU
		{68079253-3FFE-4C23-8E9E-18A143B233A2}.Release|Any CPU.ActiveCfg = Release|Any CPU
		{68079253-3FFE-4C23-8E9E-18A143B233A2}.Release|Any CPU.Build.0 = Release|Any CPU
	EndGlobalSection
	GlobalSection(SolutionProperties) = preSolution
		HideSolutionNode = FALSE
	EndGlobalSection
	GlobalSection(ExtensibilityGlobals) = postSolution
		SolutionGuid = {CEA94A03-0B15-47ED-8D27-A728A67DCEAF}
	EndGlobalSection
EndGlobal
